FORGE
  remote: https://forgeapi.puppetlabs.com
  specs:
    garethr-docker (4.0.2)
      puppetlabs-apt (<= 1.8.0, >= 1.1.0)
      puppetlabs-stdlib (>= 4.1.0)
      stahnma-epel (>= 0.0.6)
    puppetlabs-apt (1.8.0)
      puppetlabs-stdlib (>= 2.2.1)
    puppetlabs-java (1.3.0)
      puppetlabs-stdlib (>= 2.4.0)
    puppetlabs-mongodb (0.10.0)
      puppetlabs-apt (< 2.0.0, >= 1.0.0)
      puppetlabs-stdlib (< 5.0.0, >= 2.2.0)
    puppetlabs-stdlib (4.5.1)
    stahnma-epel (1.0.2)

GIT
  remote: git@github.com:dspeele/hbcd-sbtubuntu.git
  ref: v1.0.0
  sha: 6bb16d2ae5fdae8d02187c5ede958d49ca126b7d
  specs:
    hbcd-sbtubuntu (0.1.0)
      puppetlabs-stdlib (>= 1.0.0)

DEPENDENCIES
  garethr-docker (>= 0)
  hbcd-sbtubuntu (>= 0)
  puppetlabs-java (>= 0)
  puppetlabs-mongodb (>= 0)

